
Microsoft Visual Studio Solution File, Format Version 12.00
# Visual Studio Version 17
VisualStudioVersion = 17.6.33723.286
MinimumVisualStudioVersion = 10.0.40219.1
Project("{9A19103F-16F7-4668-BE54-9A1E7A4F7556}") = "MqttConnector", "MqttConnector\MqttConnector.csproj", "{51E6C03B-CF2F-4981-B97B-5F6E5BC02B57}"
EndProject
Project("{9A19103F-16F7-4668-BE54-9A1E7A4F7556}") = "MqttSubscriber", "MqttSubscriber\MqttSubscriber.csproj", "{E79B5B55-3FB8-4F0B-998C-4A1CABE9D290}"
EndProject
Project("{9A19103F-16F7-4668-BE54-9A1E7A4F7556}") = "SQLServerConnector", "SQLServerConnector\SQLServerConnector.csproj", "{168D7E7C-1D78-4216-AD96-B2E0F9F98614}"
EndProject
Project("{FAE04EC0-301F-11D3-BF4B-00C04F79EFBC}") = "ZeroMQ Connector", "ZeroMQ Connector\ZeroMQ Connector.csproj", "{46BE2E16-D020-4163-ACC9-C39519E12952}"
EndProject
Global
	GlobalSection(SolutionConfigurationPlatforms) = preSolution
		Debug|Any CPU = Debug|Any CPU
		Release|Any CPU = Release|Any CPU
	EndGlobalSection
	GlobalSection(ProjectConfigurationPlatforms) = postSolution
		{51E6C03B-CF2F-4981-B97B-5F6E5BC02B57}.Debug|Any CPU.ActiveCfg = Debug|Any CPU
		{51E6C03B-CF2F-4981-B97B-5F6E5BC02B57}.Debug|Any CPU.Build.0 = Debug|Any CPU
		{51E6C03B-CF2F-4981-B97B-5F6E5BC02B57}.Release|Any CPU.ActiveCfg = Release|Any CPU
		{51E6C03B-CF2F-4981-B97B-5F6E5BC02B57}.Release|Any CPU.Build.0 = Release|Any CPU
		{E79B5B55-3FB8-4F0B-998C-4A1CABE9D290}.Debug|Any CPU.ActiveCfg = Debug|Any CPU
		{E79B5B55-3FB8-4F0B-998C-4A1CABE9D290}.Debug|Any CPU.Build.0 = Debug|Any CPU
		{E79B5B55-3FB8-4F0B-998C-4A1CABE9D290}.Release|Any CPU.ActiveCfg = Release|Any CPU
		{E79B5B55-3FB8-4F0B-998C-4A1CABE9D290}.Release|Any CPU.Build.0 = Release|Any CPU
		{168D7E7C-1D78-4216-AD96-B2E0F9F98614}.Debug|Any CPU.ActiveCfg = Debug|Any CPU
		{168D7E7C-1D78-4216-AD96-B2E0F9F98614}.Debug|Any CPU.Build.0 = Debug|Any CPU
		{168D7E7C-1D78-4216-AD96-B2E0F9F98614}.Release|Any CPU.ActiveCfg = Release|Any CPU
		{168D7E7C-1D78-4216-AD96-B2E0F9F98614}.Release|Any CPU.Build.0 = Release|Any CPU
		{46BE2E16-D020-4163-ACC9-C39519E12952}.Debug|Any CPU.ActiveCfg = Debug|Any CPU
		{46BE2E16-D020-4163-ACC9-C39519E12952}.Debug|Any CPU.Build.0 = Debug|Any CPU
		{46BE2E16-D020-4163-ACC9-C39519E12952}.Release|Any CPU.ActiveCfg = Release|Any CPU
		{46BE2E16-D020-4163-ACC9-C39519E12952}.Release|Any CPU.Build.0 = Release|Any CPU
	EndGlobalSection
	GlobalSection(SolutionProperties) = preSolution
		HideSolutionNode = FALSE
	EndGlobalSection
	GlobalSection(ExtensibilityGlobals) = postSolution
		SolutionGuid = {0330A51D-A5DF-455D-938F-C8085A3F543A}
	EndGlobalSection
EndGlobal
